
Microsoft Visual Studio Solution File, Format Version 9.00
# Visual Studio 2005
Project("{FAE04EC0-301F-11D3-BF4B-00C04F79EFBC}") = "CheckService", "CheckService\CheckService.csproj", "{65FCFBD5-749B-4EA5-A9B7-AA9D6FC038B1}"
EndProject
Project("{FAE04EC0-301F-11D3-BF4B-00C04F79EFBC}") = "CheckMemory", "CheckMemory\CheckMemory.csproj", "{94494E15-D38D-407E-8891-B525D536A708}"
EndProject
Global
	GlobalSection(SolutionConfigurationPlatforms) = preSolution
		Debug|Any CPU = Debug|Any CPU
		Release|Any CPU = Release|Any CPU
	EndGlobalSection
	GlobalSection(ProjectConfigurationPlatforms) = postSolution
		{65FCFBD5-749B-4EA5-A9B7-AA9D6FC038B1}.Debug|Any CPU.ActiveCfg = Debug|Any CPU
		{65FCFBD5-749B-4EA5-A9B7-AA9D6FC038B1}.Debug|Any CPU.Build.0 = Debug|Any CPU
		{65FCFBD5-749B-4EA5-A9B7-AA9D6FC038B1}.Release|Any CPU.ActiveCfg = Release|Any CPU
		{65FCFBD5-749B-4EA5-A9B7-AA9D6FC038B1}.Release|Any CPU.Build.0 = Release|Any CPU
		{94494E15-D38D-407E-8891-B525D536A708}.Debug|Any CPU.ActiveCfg = Debug|Any CPU
		{94494E15-D38D-407E-8891-B525D536A708}.Debug|Any CPU.Build.0 = Debug|Any CPU
		{94494E15-D38D-407E-8891-B525D536A708}.Release|Any CPU.ActiveCfg = Release|Any CPU
		{94494E15-D38D-407E-8891-B525D536A708}.Release|Any CPU.Build.0 = Release|Any CPU
	EndGlobalSection
	GlobalSection(SolutionProperties) = preSolution
		HideSolutionNode = FALSE
	EndGlobalSection
EndGlobal
