Microsoft Visual Studio Solution File, Format Version 9.00
# SharpDevelop 2.0.0.1291
Project("{FAE04EC0-301F-11D3-BF4B-00C04F79EFBC}") = "btmon", "btmon\btmon.csproj", "{6DE81878-27E3-4B7D-8AE0-555AE9C3B0D4}"
EndProject
Global
	GlobalSection(SolutionConfigurationPlatforms) = preSolution
		Debug|Any CPU = Debug|Any CPU
		Release|Any CPU = Release|Any CPU
	EndGlobalSection
	GlobalSection(ProjectConfigurationPlatforms) = postSolution
		{6DE81878-27E3-4B7D-8AE0-555AE9C3B0D4}.Debug|Any CPU.ActiveCfg = Debug|Any CPU
		{6DE81878-27E3-4B7D-8AE0-555AE9C3B0D4}.Debug|Any CPU.Build.0 = Debug|Any CPU
		{6DE81878-27E3-4B7D-8AE0-555AE9C3B0D4}.Release|Any CPU.ActiveCfg = Release|Any CPU
		{6DE81878-27E3-4B7D-8AE0-555AE9C3B0D4}.Release|Any CPU.Build.0 = Release|Any CPU
	EndGlobalSection
	GlobalSection(SolutionProperties) = preSolution
		HideSolutionNode = FALSE
	EndGlobalSection
EndGlobal
